
Microsoft Visual Studio Solution File, Format Version 12.00
# Visual Studio Version 16
VisualStudioVersion = 16.0.30114.105
MinimumVisualStudioVersion = 10.0.40219.1
Project("{2150E333-8FDC-42A3-9474-1A3956D46DE8}") = "src", "src", "{D44797B4-09E1-4684-82D1-D54C4DCECD75}"
EndProject
Project("{FAE04EC0-301F-11D3-BF4B-00C04F79EFBC}") = "Hashit.Api", "src\Hashit.Api\Hashit.Api.csproj", "{E3EC40EF-0760-4A09-9621-5CAACF2B0CA3}"
EndProject
Project("{FAE04EC0-301F-11D3-BF4B-00C04F79EFBC}") = "Hashit.Application", "src\Hashit.Application\Hashit.Application.csproj", "{A3C1D3FD-41C0-4535-98A7-70CF644A33F9}"
EndProject
Project("{FAE04EC0-301F-11D3-BF4B-00C04F79EFBC}") = "Hashit.Data", "src\Hashit.Data\Hashit.Data.csproj", "{C53DB0CC-643E-47B4-BE35-28E25105F92C}"
EndProject
Project("{FAE04EC0-301F-11D3-BF4B-00C04F79EFBC}") = "Hashit.Domain", "src\Hashit.Domain\Hashit.Domain.csproj", "{BD6F72D3-D500-4EFC-A284-A3BC351FCB4B}"
EndProject
Project("{FAE04EC0-301F-11D3-BF4B-00C04F79EFBC}") = "Hashit.Infrastructure", "src\Hashit.Infrastructure\Hashit.Infrastructure.csproj", "{A43064C5-3143-4FCB-8554-8E38AAD713B9}"
EndProject
Project("{2150E333-8FDC-42A3-9474-1A3956D46DE8}") = "test", "test", "{32BE3E65-B5B0-45D5-9C82-117E92E66190}"
EndProject
Project("{FAE04EC0-301F-11D3-BF4B-00C04F79EFBC}") = "Hashit.Api.Tests", "test\Hashit.Api.Tests\Hashit.Api.Tests.csproj", "{DABFCAC0-F9D8-4DC3-B361-00AB0B4144E4}"
EndProject
Project("{FAE04EC0-301F-11D3-BF4B-00C04F79EFBC}") = "Hashit.Application.Tests", "test\Hashit.Application.Tests\Hashit.Application.Tests.csproj", "{3B77FD6F-B391-41BD-8853-DEBA6B2F1DE4}"
EndProject
Project("{FAE04EC0-301F-11D3-BF4B-00C04F79EFBC}") = "Hashit.Data.Tests", "test\Hashit.Data.Tests\Hashit.Data.Tests.csproj", "{97BE7D19-C572-4EC2-BEBC-8857A1F61E2C}"
EndProject
Project("{FAE04EC0-301F-11D3-BF4B-00C04F79EFBC}") = "Hashit.Domain.Tests", "test\Hashit.Domain.Tests\Hashit.Domain.Tests.csproj", "{7BB9A9A2-3F46-4E4C-A75C-CAB36068B00A}"
EndProject
Project("{FAE04EC0-301F-11D3-BF4B-00C04F79EFBC}") = "Hashit.Infrastructure.Tests", "test\Hashit.Infrastructure.Tests\Hashit.Infrastructure.Tests.csproj", "{A2BD5909-0F3A-4EBC-9DAE-1421CAAF765B}"
EndProject
Project("{FAE04EC0-301F-11D3-BF4B-00C04F79EFBC}") = "Hashit.IntegrationTests", "test\Hashit.IntegrationTests\Hashit.IntegrationTests.csproj", "{193EFF1E-5E8E-4770-BCFE-1F772776E491}"
EndProject
Global
	GlobalSection(SolutionConfigurationPlatforms) = preSolution
		Debug|Any CPU = Debug|Any CPU
		Release|Any CPU = Release|Any CPU
	EndGlobalSection
	GlobalSection(SolutionProperties) = preSolution
		HideSolutionNode = FALSE
	EndGlobalSection
	GlobalSection(ProjectConfigurationPlatforms) = postSolution
		{E3EC40EF-0760-4A09-9621-5CAACF2B0CA3}.Debug|Any CPU.ActiveCfg = Debug|Any CPU
		{E3EC40EF-0760-4A09-9621-5CAACF2B0CA3}.Debug|Any CPU.Build.0 = Debug|Any CPU
		{E3EC40EF-0760-4A09-9621-5CAACF2B0CA3}.Release|Any CPU.ActiveCfg = Release|Any CPU
		{E3EC40EF-0760-4A09-9621-5CAACF2B0CA3}.Release|Any CPU.Build.0 = Release|Any CPU
		{A3C1D3FD-41C0-4535-98A7-70CF644A33F9}.Debug|Any CPU.ActiveCfg = Debug|Any CPU
		{A3C1D3FD-41C0-4535-98A7-70CF644A33F9}.Debug|Any CPU.Build.0 = Debug|Any CPU
		{A3C1D3FD-41C0-4535-98A7-70CF644A33F9}.Release|Any CPU.ActiveCfg = Release|Any CPU
		{A3C1D3FD-41C0-4535-98A7-70CF644A33F9}.Release|Any CPU.Build.0 = Release|Any CPU
		{C53DB0CC-643E-47B4-BE35-28E25105F92C}.Debug|Any CPU.ActiveCfg = Debug|Any CPU
		{C53DB0CC-643E-47B4-BE35-28E25105F92C}.Debug|Any CPU.Build.0 = Debug|Any CPU
		{C53DB0CC-643E-47B4-BE35-28E25105F92C}.Release|Any CPU.ActiveCfg = Release|Any CPU
		{C53DB0CC-643E-47B4-BE35-28E25105F92C}.Release|Any CPU.Build.0 = Release|Any CPU
		{BD6F72D3-D500-4EFC-A284-A3BC351FCB4B}.Debug|Any CPU.ActiveCfg = Debug|Any CPU
		{BD6F72D3-D500-4EFC-A284-A3BC351FCB4B}.Debug|Any CPU.Build.0 = Debug|Any CPU
		{BD6F72D3-D500-4EFC-A284-A3BC351FCB4B}.Release|Any CPU.ActiveCfg = Release|Any CPU
		{BD6F72D3-D500-4EFC-A284-A3BC351FCB4B}.Release|Any CPU.Build.0 = Release|Any CPU
		{A43064C5-3143-4FCB-8554-8E38AAD713B9}.Debug|Any CPU.ActiveCfg = Debug|Any CPU
		{A43064C5-3143-4FCB-8554-8E38AAD713B9}.Debug|Any CPU.Build.0 = Debug|Any CPU
		{A43064C5-3143-4FCB-8554-8E38AAD713B9}.Release|Any CPU.ActiveCfg = Release|Any CPU
		{A43064C5-3143-4FCB-8554-8E38AAD713B9}.Release|Any CPU.Build.0 = Release|Any CPU
		{DABFCAC0-F9D8-4DC3-B361-00AB0B4144E4}.Debug|Any CPU.ActiveCfg = Debug|Any CPU
		{DABFCAC0-F9D8-4DC3-B361-00AB0B4144E4}.Debug|Any CPU.Build.0 = Debug|Any CPU
		{DABFCAC0-F9D8-4DC3-B361-00AB0B4144E4}.Release|Any CPU.ActiveCfg = Release|Any CPU
		{DABFCAC0-F9D8-4DC3-B361-00AB0B4144E4}.Release|Any CPU.Build.0 = Release|Any CPU
		{3B77FD6F-B391-41BD-8853-DEBA6B2F1DE4}.Debug|Any CPU.ActiveCfg = Debug|Any CPU
		{3B77FD6F-B391-41BD-8853-DEBA6B2F1DE4}.Debug|Any CPU.Build.0 = Debug|Any CPU
		{3B77FD6F-B391-41BD-8853-DEBA6B2F1DE4}.Release|Any CPU.ActiveCfg = Release|Any CPU
		{3B77FD6F-B391-41BD-8853-DEBA6B2F1DE4}.Release|Any CPU.Build.0 = Release|Any CPU
		{97BE7D19-C572-4EC2-BEBC-8857A1F61E2C}.Debug|Any CPU.ActiveCfg = Debug|Any CPU
		{97BE7D19-C572-4EC2-BEBC-8857A1F61E2C}.Debug|Any CPU.Build.0 = Debug|Any CPU
		{97BE7D19-C572-4EC2-BEBC-8857A1F61E2C}.Release|Any CPU.ActiveCfg = Release|Any CPU
		{97BE7D19-C572-4EC2-BEBC-8857A1F61E2C}.Release|Any CPU.Build.0 = Release|Any CPU
		{7BB9A9A2-3F46-4E4C-A75C-CAB36068B00A}.Debug|Any CPU.ActiveCfg = Debug|Any CPU
		{7BB9A9A2-3F46-4E4C-A75C-CAB36068B00A}.Debug|Any CPU.Build.0 = Debug|Any CPU
		{7BB9A9A2-3F46-4E4C-A75C-CAB36068B00A}.Release|Any CPU.ActiveCfg = Release|Any CPU
		{7BB9A9A2-3F46-4E4C-A75C-CAB36068B00A}.Release|Any CPU.Build.0 = Release|Any CPU
		{A2BD5909-0F3A-4EBC-9DAE-1421CAAF765B}.Debug|Any CPU.ActiveCfg = Debug|Any CPU
		{A2BD5909-0F3A-4EBC-9DAE-1421CAAF765B}.Debug|Any CPU.Build.0 = Debug|Any CPU
		{A2BD5909-0F3A-4EBC-9DAE-1421CAAF765B}.Release|Any CPU.ActiveCfg = Release|Any CPU
		{A2BD5909-0F3A-4EBC-9DAE-1421CAAF765B}.Release|Any CPU.Build.0 = Release|Any CPU
		{193EFF1E-5E8E-4770-BCFE-1F772776E491}.Debug|Any CPU.ActiveCfg = Debug|Any CPU
		{193EFF1E-5E8E-4770-BCFE-1F772776E491}.Debug|Any CPU.Build.0 = Debug|Any CPU
		{193EFF1E-5E8E-4770-BCFE-1F772776E491}.Release|Any CPU.ActiveCfg = Release|Any CPU
		{193EFF1E-5E8E-4770-BCFE-1F772776E491}.Release|Any CPU.Build.0 = Release|Any CPU
	EndGlobalSection
	GlobalSection(NestedProjects) = preSolution
		{E3EC40EF-0760-4A09-9621-5CAACF2B0CA3} = {D44797B4-09E1-4684-82D1-D54C4DCECD75}
		{A3C1D3FD-41C0-4535-98A7-70CF644A33F9} = {D44797B4-09E1-4684-82D1-D54C4DCECD75}
		{C53DB0CC-643E-47B4-BE35-28E25105F92C} = {D44797B4-09E1-4684-82D1-D54C4DCECD75}
		{BD6F72D3-D500-4EFC-A284-A3BC351FCB4B} = {D44797B4-09E1-4684-82D1-D54C4DCECD75}
		{A43064C5-3143-4FCB-8554-8E38AAD713B9} = {D44797B4-09E1-4684-82D1-D54C4DCECD75}
		{DABFCAC0-F9D8-4DC3-B361-00AB0B4144E4} = {32BE3E65-B5B0-45D5-9C82-117E92E66190}
		{3B77FD6F-B391-41BD-8853-DEBA6B2F1DE4} = {32BE3E65-B5B0-45D5-9C82-117E92E66190}
		{97BE7D19-C572-4EC2-BEBC-8857A1F61E2C} = {32BE3E65-B5B0-45D5-9C82-117E92E66190}
		{7BB9A9A2-3F46-4E4C-A75C-CAB36068B00A} = {32BE3E65-B5B0-45D5-9C82-117E92E66190}
		{A2BD5909-0F3A-4EBC-9DAE-1421CAAF765B} = {32BE3E65-B5B0-45D5-9C82-117E92E66190}
		{193EFF1E-5E8E-4770-BCFE-1F772776E491} = {32BE3E65-B5B0-45D5-9C82-117E92E66190}
	EndGlobalSection
EndGlobal
